
Microsoft Visual Studio Solution File, Format Version 12.00
# Visual Studio 2013
VisualStudioVersion = 12.0.31101.0
MinimumVisualStudioVersion = 10.0.40219.1
Project("{FAE04EC0-301F-11D3-BF4B-00C04F79EFBC}") = "SingleResponsibilityPrinciple", "SingleResponsibilityPrinciple\SingleResponsibilityPrinciple.csproj", "{71075937-39F8-4AE6-982B-CB312B92CE75}"
EndProject
Global
	GlobalSection(SolutionConfigurationPlatforms) = preSolution
		Debug|Any CPU = Debug|Any CPU
		Release|Any CPU = Release|Any CPU
	EndGlobalSection
	GlobalSection(ProjectConfigurationPlatforms) = postSolution
		{71075937-39F8-4AE6-982B-CB312B92CE75}.Debug|Any CPU.ActiveCfg = Debug|Any CPU
		{71075937-39F8-4AE6-982B-CB312B92CE75}.Debug|Any CPU.Build.0 = Debug|Any CPU
		{71075937-39F8-4AE6-982B-CB312B92CE75}.Release|Any CPU.ActiveCfg = Release|Any CPU
		{71075937-39F8-4AE6-982B-CB312B92CE75}.Release|Any CPU.Build.0 = Release|Any CPU
	EndGlobalSection
	GlobalSection(SolutionProperties) = preSolution
		HideSolutionNode = FALSE
	EndGlobalSection
EndGlobal
